lockfileVersion: '6.0'

settings:
  autoInstallPeers: true
  excludeLinksFromLockfile: false

dependencies:
  '@slidev/theme-default':
    specifier: ^0.25.0
    version: 0.25.0

packages:

  /@slidev/theme-default@0.25.0:
    resolution: {integrity: sha512-iWvthH1Ny+i6gTwRnEeeU+EiqsHC56UdEO45bqLSNmymRAOWkKUJ/M0o7iahLzHSXsiPu71B7C715WxqjXk2hw==}
    engines: {node: '>=14.0.0', slidev: '>=v0.47.0'}
    dependencies:
      '@slidev/types': 0.47.5
      codemirror-theme-vars: 0.1.2
      prism-theme-vars: 0.2.5
    dev: false

  /@slidev/types@0.47.5:
    resolution: {integrity: sha512-X67V4cCgM0Sz50bP8GbVzmiL8DHC2IXvdKcsN7DlxHyf+/T4d9GveeGukwha5Fx3MuYeGZWKag7TFL2ZY4w54A==}
    engines: {node: '>=18.0.0'}
    dev: false

  /codemirror-theme-vars@0.1.2:
    resolution: {integrity: sha512-WTau8X2q58b0SOAY9DO+iQVw8JKVEgyQIqArp2D732tcc+pobbMta3bnVMdQdmgwuvNrOFFr6HoxPRoQOgooFA==}
    dev: false

  /prism-theme-vars@0.2.5:
    resolution: {integrity: sha512-/D8gBTScYzi9afwE6v3TC1U/1YFZ6k+ly17mtVRdLpGy7E79YjJJWkXFgUDHJ2gDksV/ZnXF7ydJ4TvoDm2z/Q==}
    dev: false
